
Microsoft Visual Studio Solution File, Format Version 12.00
# Visual Studio Version 16
VisualStudioVersion = 16.0.30517.126
MinimumVisualStudioVersion = 10.0.40219.1
Project("{FAE04EC0-301F-11D3-BF4B-00C04F79EFBC}") = "SalesWebMvc", "SalesWebMvc\SalesWebMvc.csproj", "{1312F3CE-F311-4B93-8515-D81CE4500F13}"
EndProject
Global
	GlobalSection(SolutionConfigurationPlatforms) = preSolution
		Debug|Any CPU = Debug|Any CPU
		Release|Any CPU = Release|Any CPU
	EndGlobalSection
	GlobalSection(ProjectConfigurationPlatforms) = postSolution
		{1312F3CE-F311-4B93-8515-D81CE4500F13}.Debug|Any CPU.ActiveCfg = Debug|Any CPU
		{1312F3CE-F311-4B93-8515-D81CE4500F13}.Debug|Any CPU.Build.0 = Debug|Any CPU
		{1312F3CE-F311-4B93-8515-D81CE4500F13}.Release|Any CPU.ActiveCfg = Release|Any CPU
		{1312F3CE-F311-4B93-8515-D81CE4500F13}.Release|Any CPU.Build.0 = Release|Any CPU
	EndGlobalSection
	GlobalSection(SolutionProperties) = preSolution
		HideSolutionNode = FALSE
	EndGlobalSection
	GlobalSection(ExtensibilityGlobals) = postSolution
		SolutionGuid = {E0027576-E4E2-4518-8053-86C87D79CC98}
	EndGlobalSection
EndGlobal
